
Microsoft Visual Studio Solution File, Format Version 12.00
# Visual Studio Version 17
VisualStudioVersion = 17.4.33403.182
MinimumVisualStudioVersion = 10.0.40219.1
Project("{FAE04EC0-301F-11D3-BF4B-00C04F79EFBC}") = "Calculator", "Calculator\Calculator.csproj", "{FE37D2D6-054B-4F95-94CC-ACFC6DBCAC5D}"
EndProject
Global
	GlobalSection(SolutionConfigurationPlatforms) = preSolution
		Debug|Any CPU = Debug|Any CPU
		Release|Any CPU = Release|Any CPU
	EndGlobalSection
	GlobalSection(ProjectConfigurationPlatforms) = postSolution
		{FE37D2D6-054B-4F95-94CC-ACFC6DBCAC5D}.Debug|Any CPU.ActiveCfg = Debug|Any CPU
		{FE37D2D6-054B-4F95-94CC-ACFC6DBCAC5D}.Debug|Any CPU.Build.0 = Debug|Any CPU
		{FE37D2D6-054B-4F95-94CC-ACFC6DBCAC5D}.Release|Any CPU.ActiveCfg = Release|Any CPU
		{FE37D2D6-054B-4F95-94CC-ACFC6DBCAC5D}.Release|Any CPU.Build.0 = Release|Any CPU
	EndGlobalSection
	GlobalSection(SolutionProperties) = preSolution
		HideSolutionNode = FALSE
	EndGlobalSection
	GlobalSection(ExtensibilityGlobals) = postSolution
		SolutionGuid = {D0DDE51B-A9BD-4362-82BD-6147776068FB}
	EndGlobalSection
EndGlobal
